# This file is autogenerated, do not edit; changes may be undone by the next 'dep ensure'.


[[projects]]
  name = "github.com/albenik/iolog"
  packages = ["."]
  revision = "c67844d48d6f8bf17bb77993dcb94a6b76c7bd6c"
  version = "v0.6.0"

[[projects]]
  branch = "master"
  name = "github.com/creack/goselect"
  packages = ["."]
  revision = "528c74964609a58f7c17471525659c9b71cd499b"

[[projects]]
  name = "github.com/pkg/errors"
  packages = ["."]
  revision = "645ef00459ed84a119197bfb8d8205042c6df63d"
  version = "v0.8.0"

[[projects]]
  branch = "master"
  name = "go.bug.st/serial.v1"
  packages = [
    ".",
    "unixutils"
  ]
  revision = "9bca26864ab8430fb881370e51b19cc0da23cc98"
  source = "github.com/albenik/go-serial"

[[projects]]
  branch = "master"
  name = "golang.org/x/sys"
  packages = [
    "unix",
    "windows"
  ]
  revision = "f6cff0780e542efa0c8e864dc8fa522808f6a598"

[solve-meta]
  analyzer-name = "dep"
  analyzer-version = 1
  inputs-digest = "a14de6ad296dba40309b271c37b4a24ec05250357aaa02eb1196ea9b9170c948"
  solver-name = "gps-cdcl"
  solver-version = 1
